
Microsoft Visual Studio Solution File, Format Version 12.00
# Visual Studio Version 16
VisualStudioVersion = 16.0.29411.108
MinimumVisualStudioVersion = 10.0.40219.1
Project("{FAE04EC0-301F-11D3-BF4B-00C04F79EFBC}") = "demoJenkins", "demoJenkins\demoJenkins.csproj", "{B3EAB38E-86B2-4F50-B9F3-EDA142EF5644}"
EndProject
Global
	GlobalSection(SolutionConfigurationPlatforms) = preSolution
		Debug|Any CPU = Debug|Any CPU
		Release|Any CPU = Release|Any CPU
	EndGlobalSection
	GlobalSection(ProjectConfigurationPlatforms) = postSolution
		{B3EAB38E-86B2-4F50-B9F3-EDA142EF5644}.Debug|Any CPU.ActiveCfg = Debug|Any CPU
		{B3EAB38E-86B2-4F50-B9F3-EDA142EF5644}.Debug|Any CPU.Build.0 = Debug|Any CPU
		{B3EAB38E-86B2-4F50-B9F3-EDA142EF5644}.Release|Any CPU.ActiveCfg = Release|Any CPU
		{B3EAB38E-86B2-4F50-B9F3-EDA142EF5644}.Release|Any CPU.Build.0 = Release|Any CPU
	EndGlobalSection
	GlobalSection(SolutionProperties) = preSolution
		HideSolutionNode = FALSE
	EndGlobalSection
	GlobalSection(ExtensibilityGlobals) = postSolution
		SolutionGuid = {8F2BF626-A0F8-4C22-B5DD-DBE6E67F88A8}
	EndGlobalSection
EndGlobal
